<Solution>
  <Folder Name="/docs/">
    <File Path="../CLAUDE.md" />
    <File Path="../LICENSE.md" />
    <File Path="../README.md" />
    <File Path="../SECURITY.md" />
  </Folder>
  <Folder Name="/eng/">
    <File Path="../.config/dotnet-tools.json" />
    <File Path="../.editorconfig" />
    <File Path="../.gitattributes" />
    <File Path="../.gitignore" />
    <File Path="../global.json" />
    <File Path="../version.json" />
    <File Path="Directory.Build.props" />
    <File Path="Directory.Packages.props" />
  </Folder>
  <Folder Name="/eng/GitHub Actions/">
    <File Path="../.github/workflows/dotnet-build-publish-library.yml" />
    <File Path="../.github/workflows/codeql.yml" />
    <File Path="../.github/dependabot.yml" />
  </Folder>
  <Folder Name="/src/">
    <Project Path="CCSWE.Avalonia.ViewLocator/CCSWE.Avalonia.ViewLocator.csproj" />
    <Project Path="CCSWE.Avalonia.ViewLocator.Generator/CCSWE.Avalonia.ViewLocator.Generator.csproj" />
    <Project Path="CCSWE.Avalonia.ViewLocator.Sample/CCSWE.Avalonia.ViewLocator.Sample.csproj" />
  </Folder>
  <Folder Name="/tests/">
    <Project Path="CCSWE.Avalonia.ViewLocator.UnitTests/CCSWE.Avalonia.ViewLocator.UnitTests.csproj" />
  </Folder>
</Solution>
